
Microsoft Visual Studio Solution File, Format Version 12.00
# Visual Studio Version 17
VisualStudioVersion = 17.4.33213.308
MinimumVisualStudioVersion = 10.0.40219.1
Project("{FAE04EC0-301F-11D3-BF4B-00C04F79EFBC}") = "Desafio_Nubank", "Desafio_Nubank\Desafio_Nubank.csproj", "{27DD8078-1469-4DCE-884A-FF44CD0F4F96}"
EndProject
Global
	GlobalSection(SolutionConfigurationPlatforms) = preSolution
		Debug|Any CPU = Debug|Any CPU
		Release|Any CPU = Release|Any CPU
	EndGlobalSection
	GlobalSection(ProjectConfigurationPlatforms) = postSolution
		{27DD8078-1469-4DCE-884A-FF44CD0F4F96}.Debug|Any CPU.ActiveCfg = Debug|Any CPU
		{27DD8078-1469-4DCE-884A-FF44CD0F4F96}.Debug|Any CPU.Build.0 = Debug|Any CPU
		{27DD8078-1469-4DCE-884A-FF44CD0F4F96}.Release|Any CPU.ActiveCfg = Release|Any CPU
		{27DD8078-1469-4DCE-884A-FF44CD0F4F96}.Release|Any CPU.Build.0 = Release|Any CPU
	EndGlobalSection
	GlobalSection(SolutionProperties) = preSolution
		HideSolutionNode = FALSE
	EndGlobalSection
	GlobalSection(ExtensibilityGlobals) = postSolution
		SolutionGuid = {A1BE8A36-03D6-4877-BF58-FF00F1EB6E89}
	EndGlobalSection
EndGlobal
